
Microsoft Visual Studio Solution File, Format Version 12.00
Project("{F2A71F9B-5D33-465A-A702-920D77279786}") = "ML.NET.FSharp", "ML.NET.FSharp\ML.NET.FSharp.fsproj", "{B8784619-2EDD-4D81-AA89-3A07C81C1F99}"
EndProject
Project("{F2A71F9B-5D33-465A-A702-920D77279786}") = "ImageClassification", "ImageClassification\ImageClassification.fsproj", "{2CC6A741-E9CD-466D-BFAD-067907AEB8EC}"
EndProject
Global
	GlobalSection(SolutionConfigurationPlatforms) = preSolution
		Debug|Any CPU = Debug|Any CPU
		Release|Any CPU = Release|Any CPU
	EndGlobalSection
	GlobalSection(ProjectConfigurationPlatforms) = postSolution
		{B8784619-2EDD-4D81-AA89-3A07C81C1F99}.Debug|Any CPU.ActiveCfg = Debug|Any CPU
		{B8784619-2EDD-4D81-AA89-3A07C81C1F99}.Debug|Any CPU.Build.0 = Debug|Any CPU
		{B8784619-2EDD-4D81-AA89-3A07C81C1F99}.Release|Any CPU.ActiveCfg = Release|Any CPU
		{B8784619-2EDD-4D81-AA89-3A07C81C1F99}.Release|Any CPU.Build.0 = Release|Any CPU
		{2CC6A741-E9CD-466D-BFAD-067907AEB8EC}.Debug|Any CPU.ActiveCfg = Debug|Any CPU
		{2CC6A741-E9CD-466D-BFAD-067907AEB8EC}.Debug|Any CPU.Build.0 = Debug|Any CPU
		{2CC6A741-E9CD-466D-BFAD-067907AEB8EC}.Release|Any CPU.ActiveCfg = Release|Any CPU
		{2CC6A741-E9CD-466D-BFAD-067907AEB8EC}.Release|Any CPU.Build.0 = Release|Any CPU
	EndGlobalSection
EndGlobal
